{
	"name": "@jrg-material/button",
	"version": "0.0.16",
	"lockfileVersion": 1,
	"requires": true,
	"dependencies": {
		"@jrg-material/theme": {
			"version": "0.0.1",
			"resolved": "https://registry.npmjs.org/@jrg-material/theme/-/theme-0.0.1.tgz",
			"integrity": "sha512-6YGN2gOoWEijG+U+oCXGhySF+4OZXIOwFhIXkHdTeQluSTL77hKcOjCWmvSEkuck5OrR56nfW8+jpI9XpS6Gfg=="
		}
	}
}
