{
	"name": "@jrg-material/button",
	"version": "0.0.4",
	"lockfileVersion": 1,
	"requires": true,
	"dependencies": {
		"@jrg-material/core": {
			"version": "0.0.1",
			"resolved": "https://registry.npmjs.org/@jrg-material/core/-/core-0.0.1.tgz",
			"integrity": "sha512-ySJg5zIVJlCDA3L6g8V+8W3Nt4s4iD0fLFYASI8Q7dqDGDkT3eNWhHE/sHYbXCVtukw2fDs4WdrNQ8jw45oFWA=="
		},
		"@jrg-material/theme": {
			"version": "0.0.1",
			"resolved": "https://registry.npmjs.org/@jrg-material/theme/-/theme-0.0.1.tgz",
			"integrity": "sha512-6YGN2gOoWEijG+U+oCXGhySF+4OZXIOwFhIXkHdTeQluSTL77hKcOjCWmvSEkuck5OrR56nfW8+jpI9XpS6Gfg=="
		}
	}
}
