{
	"name": "@jrg-material/tabs",
	"version": "0.0.51",
	"lockfileVersion": 1,
	"requires": true,
	"dependencies": {
		"@jrg-material/icon": {
			"version": "0.0.8",
			"resolved": "https://registry.npmjs.org/@jrg-material/icon/-/icon-0.0.8.tgz",
			"integrity": "sha512-XZ0JuzMUPXP1ysP4Atk/gNARjh/YNtFq+i9yHzeAQO8fjCFPfh6TxAh4ED4l4rq7aaFFfdbJZ7yxlfITAJ0utg==",
			"requires": {
				"@jrg-material/theme": "^0.0.1"
			}
		},
		"@jrg-material/theme": {
			"version": "0.0.1",
			"resolved": "https://registry.npmjs.org/@jrg-material/theme/-/theme-0.0.1.tgz",
			"integrity": "sha512-6YGN2gOoWEijG+U+oCXGhySF+4OZXIOwFhIXkHdTeQluSTL77hKcOjCWmvSEkuck5OrR56nfW8+jpI9XpS6Gfg=="
		}
	}
}
