{
	"name": "@jrg-material/core",
	"version": "0.0.4",
	"lockfileVersion": 1,
	"requires": true,
	"dependencies": {
		"@jrg/build": {
			"version": "0.0.4",
			"resolved": "https://registry.npmjs.org/@jrg/build/-/build-0.0.4.tgz",
			"integrity": "sha512-B/lLnr2OpUBfGzvqoQLt0ZvuNQRm7lJQZLPQ9kqJprZ8ScPj1FJvqbZ9eg2lokGeOG+H9HqSiWhmUxht8d/E/Q==",
			"dev": true
		}
	}
}
